// !$*UTF8*$!
{
	archiveVersion = 1;
	classes = {
	};
	objectVersion = 50;
	objects = {

/* Begin PBXBuildFile section */
		831C011E245E9C5C000425CF /* Extenstions.swift in Sources */ = {isa = PBXBuildFile; fileRef = 831C011D245E9BA2000425CF /* Extenstions.swift */; };
		831C0121245EB9BB000425CF /* MultipleObjectsViewController.swift in Sources */ = {isa = PBXBuildFile; fileRef = 831C0120245EB9BB000425CF /* MultipleObjectsViewController.swift */; };
		831C0124245EBA48000425CF /* SimpleBoxWithTouchViewController.swift in Sources */ = {isa = PBXBuildFile; fileRef = 831C0123245EBA48000425CF /* SimpleBoxWithTouchViewController.swift */; };
		831C0127245EE8D1000425CF /* OverlayPlanesViewController.swift in Sources */ = {isa = PBXBuildFile; fileRef = 831C0126245EE8D1000425CF /* OverlayPlanesViewController.swift */; };
		831C0129245EE94D000425CF /* OverlayPlane.swift in Sources */ = {isa = PBXBuildFile; fileRef = 831C0128245EE94D000425CF /* OverlayPlane.swift */; };
		835F83D72465486000D06537 /* MIssileLaunchViewController.swift in Sources */ = {isa = PBXBuildFile; fileRef = 835F83D62465486000D06537 /* MIssileLaunchViewController.swift */; };
		83997DAB246A98D600E0D901 /* TargetAppViewController.swift in Sources */ = {isa = PBXBuildFile; fileRef = 83997DAA246A98D600E0D901 /* TargetAppViewController.swift */; };
		839EB26B245DCB1A00EBF8CC /* AppDelegate.swift in Sources */ = {isa = PBXBuildFile; fileRef = 839EB26A245DCB1A00EBF8CC /* AppDelegate.swift */; };
		839EB26D245DCB1A00EBF8CC /* art.scnassets in Resources */ = {isa = PBXBuildFile; fileRef = 839EB26C245DCB1A00EBF8CC /* art.scnassets */; };
		839EB272245DCB1A00EBF8CC /* Main.storyboard in Resources */ = {isa = PBXBuildFile; fileRef = 839EB270245DCB1A00EBF8CC /* Main.storyboard */; };
		839EB274245DCB1B00EBF8CC /* Assets.xcassets in Resources */ = {isa = PBXBuildFile; fileRef = 839EB273245DCB1B00EBF8CC /* Assets.xcassets */; };
		839EB277245DCB1B00EBF8CC /* LaunchScreen.storyboard in Resources */ = {isa = PBXBuildFile; fileRef = 839EB275245DCB1B00EBF8CC /* LaunchScreen.storyboard */; };
		83BFD74D2467BE7B00F6BED4 /* smoke.scnp in Resources */ = {isa = PBXBuildFile; fileRef = 83BFD74B2467BE7A00F6BED4 /* smoke.scnp */; };
		83BFD74E2467BE7B00F6BED4 /* smoke.png in Resources */ = {isa = PBXBuildFile; fileRef = 83BFD74C2467BE7B00F6BED4 /* smoke.png */; };
		83BFD7512467FBFE00F6BED4 /* spark.png in Resources */ = {isa = PBXBuildFile; fileRef = 83BFD74F2467FBFE00F6BED4 /* spark.png */; };
		83BFD7522467FBFE00F6BED4 /* fire.scnp in Resources */ = {isa = PBXBuildFile; fileRef = 83BFD7502467FBFE00F6BED4 /* fire.scnp */; };
		83F10DC62467AFF500BD06C7 /* Missile.swift in Sources */ = {isa = PBXBuildFile; fileRef = 83F10DC52467AFF500BD06C7 /* Missile.swift */; };
/* End PBXBuildFile section */

/* Begin PBXFileReference section */
		831C011D245E9BA2000425CF /* Extenstions.swift */ = {isa = PBXFileReference; lastKnownFileType = sourcecode.swift; path = Extenstions.swift; sourceTree = "<group>"; };
		831C0120245EB9BB000425CF /* MultipleObjectsViewController.swift */ = {isa = PBXFileReference; lastKnownFileType = sourcecode.swift; path = MultipleObjectsViewController.swift; sourceTree = "<group>"; };
		831C0123245EBA48000425CF /* SimpleBoxWithTouchViewController.swift */ = {isa = PBXFileReference; lastKnownFileType = sourcecode.swift; path = SimpleBoxWithTouchViewController.swift; sourceTree = "<group>"; };
		831C0126245EE8D1000425CF /* OverlayPlanesViewController.swift */ = {isa = PBXFileReference; lastKnownFileType = sourcecode.swift; path = OverlayPlanesViewController.swift; sourceTree = "<group>"; };
		831C0128245EE94D000425CF /* OverlayPlane.swift */ = {isa = PBXFileReference; lastKnownFileType = sourcecode.swift; path = OverlayPlane.swift; sourceTree = "<group>"; };
		835F83D62465486000D06537 /* MIssileLaunchViewController.swift */ = {isa = PBXFileReference; lastKnownFileType = sourcecode.swift; path = MIssileLaunchViewController.swift; sourceTree = "<group>"; };
		83997DAA246A98D600E0D901 /* TargetAppViewController.swift */ = {isa = PBXFileReference; lastKnownFileType = sourcecode.swift; path = TargetAppViewController.swift; sourceTree = "<group>"; };
		839EB267245DCB1A00EBF8CC /* SceneKitTest.app */ = {isa = PBXFileReference; explicitFileType = wrapper.application; includeInIndex = 0; path = SceneKitTest.app; sourceTree = BUILT_PRODUCTS_DIR; };
		839EB26A245DCB1A00EBF8CC /* AppDelegate.swift */ = {isa = PBXFileReference; lastKnownFileType = sourcecode.swift; path = AppDelegate.swift; sourceTree = "<group>"; };
		839EB26C245DCB1A00EBF8CC /* art.scnassets */ = {isa = PBXFileReference; lastKnownFileType = wrapper.scnassets; path = art.scnassets; sourceTree = "<group>"; };
		839EB271245DCB1A00EBF8CC /* Base */ = {isa = PBXFileReference; lastKnownFileType = file.storyboard; name = Base; path = Base.lproj/Main.storyboard; sourceTree = "<group>"; };
		839EB273245DCB1B00EBF8CC /* Assets.xcassets */ = {isa = PBXFileReference; lastKnownFileType = folder.assetcatalog; path = Assets.xcassets; sourceTree = "<group>"; };
		839EB276245DCB1B00EBF8CC /* Base */ = {isa = PBXFileReference; lastKnownFileType = file.storyboard; name = Base; path = Base.lproj/LaunchScreen.storyboard; sourceTree = "<group>"; };
		839EB278245DCB1B00EBF8CC /* Info.plist */ = {isa = PBXFileReference; lastKnownFileType = text.plist.xml; path = Info.plist; sourceTree = "<group>"; };
		83BFD74B2467BE7A00F6BED4 /* smoke.scnp */ = {isa = PBXFileReference; lastKnownFileType = file.scp; path = smoke.scnp; sourceTree = "<group>"; };
		83BFD74C2467BE7B00F6BED4 /* smoke.png */ = {isa = PBXFileReference; lastKnownFileType = image.png; path = smoke.png; sourceTree = "<group>"; };
		83BFD74F2467FBFE00F6BED4 /* spark.png */ = {isa = PBXFileReference; lastKnownFileType = image.png; path = spark.png; sourceTree = "<group>"; };
		83BFD7502467FBFE00F6BED4 /* fire.scnp */ = {isa = PBXFileReference; lastKnownFileType = file.scp; path = fire.scnp; sourceTree = "<group>"; };
		83F10DC52467AFF500BD06C7 /* Missile.swift */ = {isa = PBXFileReference; lastKnownFileType = sourcecode.swift; path = Missile.swift; sourceTree = "<group>"; };
/* End PBXFileReference section */

/* Begin PBXFrameworksBuildPhase section */
		839EB264245DCB1A00EBF8CC /* Frameworks */ = {
			isa = PBXFrameworksBuildPhase;
			buildActionMask = 2147483647;
			files = (
			);
			runOnlyForDeploymentPostprocessing = 0;
		};
/* End PBXFrameworksBuildPhase section */

/* Begin PBXGroup section */
		831C011C245E9B9A000425CF /* Extention */ = {
			isa = PBXGroup;
			children = (
				831C011D245E9BA2000425CF /* Extenstions.swift */,
			);
			path = Extention;
			sourceTree = "<group>";
		};
		831C011F245EB969000425CF /* MultipleObjects */ = {
			isa = PBXGroup;
			children = (
				831C0120245EB9BB000425CF /* MultipleObjectsViewController.swift */,
			);
			path = MultipleObjects;
			sourceTree = "<group>";
		};
		831C0122245EBA36000425CF /* SimpleBoxWithTouch */ = {
			isa = PBXGroup;
			children = (
				831C0123245EBA48000425CF /* SimpleBoxWithTouchViewController.swift */,
			);
			path = SimpleBoxWithTouch;
			sourceTree = "<group>";
		};
		831C0125245EBB0A000425CF /* OverlayingPlanes */ = {
			isa = PBXGroup;
			children = (
				831C0126245EE8D1000425CF /* OverlayPlanesViewController.swift */,
				831C0128245EE94D000425CF /* OverlayPlane.swift */,
			);
			path = OverlayingPlanes;
			sourceTree = "<group>";
		};
		835F83B52465482F00D06537 /* MissileLaunch */ = {
			isa = PBXGroup;
			children = (
				835F83D62465486000D06537 /* MIssileLaunchViewController.swift */,
				83F10DC52467AFF500BD06C7 /* Missile.swift */,
				83BFD74C2467BE7B00F6BED4 /* smoke.png */,
				83BFD74B2467BE7A00F6BED4 /* smoke.scnp */,
				83BFD7502467FBFE00F6BED4 /* fire.scnp */,
				83BFD74F2467FBFE00F6BED4 /* spark.png */,
			);
			path = MissileLaunch;
			sourceTree = "<group>";
		};
		83997DA9246A98C200E0D901 /* TargetApp */ = {
			isa = PBXGroup;
			children = (
				83997DAA246A98D600E0D901 /* TargetAppViewController.swift */,
			);
			path = TargetApp;
			sourceTree = "<group>";
		};
		839EB25E245DCB1A00EBF8CC = {
			isa = PBXGroup;
			children = (
				839EB269245DCB1A00EBF8CC /* SceneKitTest */,
				839EB268245DCB1A00EBF8CC /* Products */,
			);
			sourceTree = "<group>";
		};
		839EB268245DCB1A00EBF8CC /* Products */ = {
			isa = PBXGroup;
			children = (
				839EB267245DCB1A00EBF8CC /* SceneKitTest.app */,
			);
			name = Products;
			sourceTree = "<group>";
		};
		839EB269245DCB1A00EBF8CC /* SceneKitTest */ = {
			isa = PBXGroup;
			children = (
				831C011C245E9B9A000425CF /* Extention */,
				839EB26A245DCB1A00EBF8CC /* AppDelegate.swift */,
				83997DA9246A98C200E0D901 /* TargetApp */,
				835F83B52465482F00D06537 /* MissileLaunch */,
				831C0125245EBB0A000425CF /* OverlayingPlanes */,
				831C0122245EBA36000425CF /* SimpleBoxWithTouch */,
				831C011F245EB969000425CF /* MultipleObjects */,
				839EB26C245DCB1A00EBF8CC /* art.scnassets */,
				839EB270245DCB1A00EBF8CC /* Main.storyboard */,
				839EB273245DCB1B00EBF8CC /* Assets.xcassets */,
				839EB275245DCB1B00EBF8CC /* LaunchScreen.storyboard */,
				839EB278245DCB1B00EBF8CC /* Info.plist */,
			);
			path = SceneKitTest;
			sourceTree = "<group>";
		};
/* End PBXGroup section */

/* Begin PBXNativeTarget section */
		839EB266245DCB1A00EBF8CC /* SceneKitTest */ = {
			isa = PBXNativeTarget;
			buildConfigurationList = 839EB27B245DCB1B00EBF8CC /* Build configuration list for PBXNativeTarget "SceneKitTest" */;
			buildPhases = (
				839EB263245DCB1A00EBF8CC /* Sources */,
				839EB264245DCB1A00EBF8CC /* Frameworks */,
				839EB265245DCB1A00EBF8CC /* Resources */,
			);
			buildRules = (
			);
			dependencies = (
			);
			name = SceneKitTest;
			productName = SceneKitTest;
			productReference = 839EB267245DCB1A00EBF8CC /* SceneKitTest.app */;
			productType = "com.apple.product-type.application";
		};
/* End PBXNativeTarget section */

/* Begin PBXProject section */
		839EB25F245DCB1A00EBF8CC /* Project object */ = {
			isa = PBXProject;
			attributes = {
				LastSwiftUpdateCheck = 1140;
				LastUpgradeCheck = 1140;
				ORGANIZATIONNAME = "이기완";
				TargetAttributes = {
					839EB266245DCB1A00EBF8CC = {
						CreatedOnToolsVersion = 11.4.1;
					};
				};
			};
			buildConfigurationList = 839EB262245DCB1A00EBF8CC /* Build configuration list for PBXProject "SceneKitTest" */;
			compatibilityVersion = "Xcode 9.3";
			developmentRegion = en;
			hasScannedForEncodings = 0;
			knownRegions = (
				en,
				Base,
			);
			mainGroup = 839EB25E245DCB1A00EBF8CC;
			productRefGroup = 839EB268245DCB1A00EBF8CC /* Products */;
			projectDirPath = "";
			projectRoot = "";
			targets = (
				839EB266245DCB1A00EBF8CC /* SceneKitTest */,
			);
		};
/* End PBXProject section */

/* Begin PBXResourcesBuildPhase section */
		839EB265245DCB1A00EBF8CC /* Resources */ = {
			isa = PBXResourcesBuildPhase;
			buildActionMask = 2147483647;
			files = (
				839EB26D245DCB1A00EBF8CC /* art.scnassets in Resources */,
				83BFD7522467FBFE00F6BED4 /* fire.scnp in Resources */,
				83BFD74E2467BE7B00F6BED4 /* smoke.png in Resources */,
				839EB277245DCB1B00EBF8CC /* LaunchScreen.storyboard in Resources */,
				83BFD7512467FBFE00F6BED4 /* spark.png in Resources */,
				839EB274245DCB1B00EBF8CC /* Assets.xcassets in Resources */,
				83BFD74D2467BE7B00F6BED4 /* smoke.scnp in Resources */,
				839EB272245DCB1A00EBF8CC /* Main.storyboard in Resources */,
			);
			runOnlyForDeploymentPostprocessing = 0;
		};
/* End PBXResourcesBuildPhase section */

/* Begin PBXSourcesBuildPhase section */
		839EB263245DCB1A00EBF8CC /* Sources */ = {
			isa = PBXSourcesBuildPhase;
			buildActionMask = 2147483647;
			files = (
				83997DAB246A98D600E0D901 /* TargetAppViewController.swift in Sources */,
				831C011E245E9C5C000425CF /* Extenstions.swift in Sources */,
				831C0129245EE94D000425CF /* OverlayPlane.swift in Sources */,
				835F83D72465486000D06537 /* MIssileLaunchViewController.swift in Sources */,
				839EB26B245DCB1A00EBF8CC /* AppDelegate.swift in Sources */,
				831C0121245EB9BB000425CF /* MultipleObjectsViewController.swift in Sources */,
				831C0124245EBA48000425CF /* SimpleBoxWithTouchViewController.swift in Sources */,
				83F10DC62467AFF500BD06C7 /* Missile.swift in Sources */,
				831C0127245EE8D1000425CF /* OverlayPlanesViewController.swift in Sources */,
			);
			runOnlyForDeploymentPostprocessing = 0;
		};
/* End PBXSourcesBuildPhase section */

/* Begin PBXVariantGroup section */
		839EB270245DCB1A00EBF8CC /* Main.storyboard */ = {
			isa = PBXVariantGroup;
			children = (
				839EB271245DCB1A00EBF8CC /* Base */,
			);
			name = Main.storyboard;
			sourceTree = "<group>";
		};
		839EB275245DCB1B00EBF8CC /* LaunchScreen.storyboard */ = {
			isa = PBXVariantGroup;
			children = (
				839EB276245DCB1B00EBF8CC /* Base */,
			);
			name = LaunchScreen.storyboard;
			sourceTree = "<group>";
		};
/* End PBXVariantGroup section */

/* Begin XCBuildConfiguration section */
		839EB279245DCB1B00EBF8CC /* Debug */ = {
			isa = XCBuildConfiguration;
			buildSettings = {
				ALWAYS_SEARCH_USER_PATHS = NO;
				CLANG_ANALYZER_NONNULL = YES;
				CLANG_ANALYZER_NUMBER_OBJECT_CONVERSION = YES_AGGRESSIVE;
				CLANG_CXX_LANGUAGE_STANDARD = "gnu++14";
				CLANG_CXX_LIBRARY = "libc++";
				CLANG_ENABLE_MODULES = YES;
				CLANG_ENABLE_OBJC_ARC = YES;
				CLANG_ENABLE_OBJC_WEAK = YES;
				CLANG_WARN_BLOCK_CAPTURE_AUTORELEASING = YES;
				CLANG_WARN_BOOL_CONVERSION = YES;
				CLANG_WARN_COMMA = YES;
				CLANG_WARN_CONSTANT_CONVERSION = YES;
				CLANG_WARN_DEPRECATED_OBJC_IMPLEMENTATIONS = YES;
				CLANG_WARN_DIRECT_OBJC_ISA_USAGE = YES_ERROR;
				CLANG_WARN_DOCUMENTATION_COMMENTS = YES;
				CLANG_WARN_EMPTY_BODY = YES;
				CLANG_WARN_ENUM_CONVERSION = YES;
				CLANG_WARN_INFINITE_RECURSION = YES;
				CLANG_WARN_INT_CONVERSION = YES;
				CLANG_WARN_NON_LITERAL_NULL_CONVERSION = YES;
				CLANG_WARN_OBJC_IMPLICIT_RETAIN_SELF = YES;
				CLANG_WARN_OBJC_LITERAL_CONVERSION = YES;
				CLANG_WARN_OBJC_ROOT_CLASS = YES_ERROR;
				CLANG_WARN_RANGE_LOOP_ANALYSIS = YES;
				CLANG_WARN_STRICT_PROTOTYPES = YES;
				CLANG_WARN_SUSPICIOUS_MOVE = YES;
				CLANG_WARN_UNGUARDED_AVAILABILITY = YES_AGGRESSIVE;
				CLANG_WARN_UNREACHABLE_CODE = YES;
				CLANG_WARN__DUPLICATE_METHOD_MATCH = YES;
				COPY_PHASE_STRIP = NO;
				DEBUG_INFORMATION_FORMAT = dwarf;
				ENABLE_STRICT_OBJC_MSGSEND = YES;
				ENABLE_TESTABILITY = YES;
				GCC_C_LANGUAGE_STANDARD = gnu11;
				GCC_DYNAMIC_NO_PIC = NO;
				GCC_NO_COMMON_BLOCKS = YES;
				GCC_OPTIMIZATION_LEVEL = 0;
				GCC_PREPROCESSOR_DEFINITIONS = (
					"DEBUG=1",
					"$(inherited)",
				);
				GCC_WARN_64_TO_32_BIT_CONVERSION = YES;
				GCC_WARN_ABOUT_RETURN_TYPE = YES_ERROR;
				GCC_WARN_UNDECLARED_SELECTOR = YES;
				GCC_WARN_UNINITIALIZED_AUTOS = YES_AGGRESSIVE;
				GCC_WARN_UNUSED_FUNCTION = YES;
				GCC_WARN_UNUSED_VARIABLE = YES;
				IPHONEOS_DEPLOYMENT_TARGET = 13.4;
				MTL_ENABLE_DEBUG_INFO = INCLUDE_SOURCE;
				MTL_FAST_MATH = YES;
				ONLY_ACTIVE_ARCH = YES;
				SDKROOT = iphoneos;
				SWIFT_ACTIVE_COMPILATION_CONDITIONS = DEBUG;
				SWIFT_OPTIMIZATION_LEVEL = "-Onone";
			};
			name = Debug;
		};
		839EB27A245DCB1B00EBF8CC /* Release */ = {
			isa = XCBuildConfiguration;
			buildSettings = {
				ALWAYS_SEARCH_USER_PATHS = NO;
				CLANG_ANALYZER_NONNULL = YES;
				CLANG_ANALYZER_NUMBER_OBJECT_CONVERSION = YES_AGGRESSIVE;
				CLANG_CXX_LANGUAGE_STANDARD = "gnu++14";
				CLANG_CXX_LIBRARY = "libc++";
				CLANG_ENABLE_MODULES = YES;
				CLANG_ENABLE_OBJC_ARC = YES;
				CLANG_ENABLE_OBJC_WEAK = YES;
				CLANG_WARN_BLOCK_CAPTURE_AUTORELEASING = YES;
				CLANG_WARN_BOOL_CONVERSION = YES;
				CLANG_WARN_COMMA = YES;
				CLANG_WARN_CONSTANT_CONVERSION = YES;
				CLANG_WARN_DEPRECATED_OBJC_IMPLEMENTATIONS = YES;
				CLANG_WARN_DIRECT_OBJC_ISA_USAGE = YES_ERROR;
				CLANG_WARN_DOCUMENTATION_COMMENTS = YES;
				CLANG_WARN_EMPTY_BODY = YES;
				CLANG_WARN_ENUM_CONVERSION = YES;
				CLANG_WARN_INFINITE_RECURSION = YES;
				CLANG_WARN_INT_CONVERSION = YES;
				CLANG_WARN_NON_LITERAL_NULL_CONVERSION = YES;
				CLANG_WARN_OBJC_IMPLICIT_RETAIN_SELF = YES;
				CLANG_WARN_OBJC_LITERAL_CONVERSION = YES;
				CLANG_WARN_OBJC_ROOT_CLASS = YES_ERROR;
				CLANG_WARN_RANGE_LOOP_ANALYSIS = YES;
				CLANG_WARN_STRICT_PROTOTYPES = YES;
				CLANG_WARN_SUSPICIOUS_MOVE = YES;
				CLANG_WARN_UNGUARDED_AVAILABILITY = YES_AGGRESSIVE;
				CLANG_WARN_UNREACHABLE_CODE = YES;
				CLANG_WARN__DUPLICATE_METHOD_MATCH = YES;
				COPY_PHASE_STRIP = NO;
				DEBUG_INFORMATION_FORMAT = "dwarf-with-dsym";
				ENABLE_NS_ASSERTIONS = NO;
				ENABLE_STRICT_OBJC_MSGSEND = YES;
				GCC_C_LANGUAGE_STANDARD = gnu11;
				GCC_NO_COMMON_BLOCKS = YES;
				GCC_WARN_64_TO_32_BIT_CONVERSION = YES;
				GCC_WARN_ABOUT_RETURN_TYPE = YES_ERROR;
				GCC_WARN_UNDECLARED_SELECTOR = YES;
				GCC_WARN_UNINITIALIZED_AUTOS = YES_AGGRESSIVE;
				GCC_WARN_UNUSED_FUNCTION = YES;
				GCC_WARN_UNUSED_VARIABLE = YES;
				IPHONEOS_DEPLOYMENT_TARGET = 13.4;
				MTL_ENABLE_DEBUG_INFO = NO;
				MTL_FAST_MATH = YES;
				SDKROOT = iphoneos;
				SWIFT_COMPILATION_MODE = wholemodule;
				SWIFT_OPTIMIZATION_LEVEL = "-O";
				VALIDATE_PRODUCT = YES;
			};
			name = Release;
		};
		839EB27C245DCB1B00EBF8CC /* Debug */ = {
			isa = XCBuildConfiguration;
			buildSettings = {
				ASSETCATALOG_COMPILER_APPICON_NAME = AppIcon;
				CODE_SIGN_STYLE = Automatic;
				DEVELOPMENT_TEAM = 77F6X5R2CN;
				INFOPLIST_FILE = SceneKitTest/Info.plist;
				IPHONEOS_DEPLOYMENT_TARGET = 13.2;
				LD_RUNPATH_SEARCH_PATHS = (
					"$(inherited)",
					"@executable_path/Frameworks",
				);
				PRODUCT_BUNDLE_IDENTIFIER = com.kiwan.SceneKitTest;
				PRODUCT_NAME = "$(TARGET_NAME)";
				SWIFT_VERSION = 5.0;
				TARGETED_DEVICE_FAMILY = "1,2";
			};
			name = Debug;
		};
		839EB27D245DCB1B00EBF8CC /* Release */ = {
			isa = XCBuildConfiguration;
			buildSettings = {
				ASSETCATALOG_COMPILER_APPICON_NAME = AppIcon;
				CODE_SIGN_STYLE = Automatic;
				DEVELOPMENT_TEAM = 77F6X5R2CN;
				INFOPLIST_FILE = SceneKitTest/Info.plist;
				IPHONEOS_DEPLOYMENT_TARGET = 13.2;
				LD_RUNPATH_SEARCH_PATHS = (
					"$(inherited)",
					"@executable_path/Frameworks",
				);
				PRODUCT_BUNDLE_IDENTIFIER = com.kiwan.SceneKitTest;
				PRODUCT_NAME = "$(TARGET_NAME)";
				SWIFT_VERSION = 5.0;
				TARGETED_DEVICE_FAMILY = "1,2";
			};
			name = Release;
		};
/* End XCBuildConfiguration section */

/* Begin XCConfigurationList section */
		839EB262245DCB1A00EBF8CC /* Build configuration list for PBXProject "SceneKitTest" */ = {
			isa = XCConfigurationList;
			buildConfigurations = (
				839EB279245DCB1B00EBF8CC /* Debug */,
				839EB27A245DCB1B00EBF8CC /* Release */,
			);
			defaultConfigurationIsVisible = 0;
			defaultConfigurationName = Release;
		};
		839EB27B245DCB1B00EBF8CC /* Build configuration list for PBXNativeTarget "SceneKitTest" */ = {
			isa = XCConfigurationList;
			buildConfigurations = (
				839EB27C245DCB1B00EBF8CC /* Debug */,
				839EB27D245DCB1B00EBF8CC /* Release */,
			);
			defaultConfigurationIsVisible = 0;
			defaultConfigurationName = Release;
		};
/* End XCConfigurationList section */
	};
	rootObject = 839EB25F245DCB1A00EBF8CC /* Project object */;
}
